
Microsoft Visual Studio Solution File, Format Version 12.00
# Visual Studio 15
VisualStudioVersion = 15.0.26430.6
MinimumVisualStudioVersion = 10.0.40219.1
Project("{FAE04EC0-301F-11D3-BF4B-00C04F79EFBC}") = "Lulus.Auth", "Lulus.Auth\Lulus.Auth.csproj", "{835C19AF-3E63-4059-9D65-D2CF0D2A2C4A}"
EndProject
Global
	GlobalSection(SolutionConfigurationPlatforms) = preSolution
		Debug|Any CPU = Debug|Any CPU
		Release|Any CPU = Release|Any CPU
	EndGlobalSection
	GlobalSection(ProjectConfigurationPlatforms) = postSolution
		{835C19AF-3E63-4059-9D65-D2CF0D2A2C4A}.Debug|Any CPU.ActiveCfg = Debug|Any CPU
		{835C19AF-3E63-4059-9D65-D2CF0D2A2C4A}.Debug|Any CPU.Build.0 = Debug|Any CPU
		{835C19AF-3E63-4059-9D65-D2CF0D2A2C4A}.Release|Any CPU.ActiveCfg = Release|Any CPU
		{835C19AF-3E63-4059-9D65-D2CF0D2A2C4A}.Release|Any CPU.Build.0 = Release|Any CPU
	EndGlobalSection
	GlobalSection(SolutionProperties) = preSolution
		HideSolutionNode = FALSE
	EndGlobalSection
EndGlobal
